// !$*UTF8*$!
{
	archiveVersion = 1;
	classes = {
	};
	objectVersion = 55;
	objects = {

/* Begin PBXBuildFile section */
		A190E33F2854CE0A0044AAF3 /* RemindyApp.swift in Sources */ = {isa = PBXBuildFile; fileRef = A190E33E2854CE0A0044AAF3 /* RemindyApp.swift */; };
		A190E3432854CE0B0044AAF3 /* Assets.xcassets in Resources */ = {isa = PBXBuildFile; fileRef = A190E3422854CE0B0044AAF3 /* Assets.xcassets */; };
		A190E3462854CE0B0044AAF3 /* Preview Assets.xcassets in Resources */ = {isa = PBXBuildFile; fileRef = A190E3452854CE0B0044AAF3 /* Preview Assets.xcassets */; };
		A190E3712854CED10044AAF3 /* MainView.swift in Sources */ = {isa = PBXBuildFile; fileRef = A190E36F2854CED10044AAF3 /* MainView.swift */; };
		A190E3722854CED10044AAF3 /* MainViewModel.swift in Sources */ = {isa = PBXBuildFile; fileRef = A190E3702854CED10044AAF3 /* MainViewModel.swift */; };
		A190E3752854CED90044AAF3 /* SettingsView.swift in Sources */ = {isa = PBXBuildFile; fileRef = A190E3732854CED90044AAF3 /* SettingsView.swift */; };
		A190E3762854CED90044AAF3 /* SettingsViewModel.swift in Sources */ = {isa = PBXBuildFile; fileRef = A190E3742854CED90044AAF3 /* SettingsViewModel.swift */; };
		A190E37B2854CEEE0044AAF3 /* NotificationManager.swift in Sources */ = {isa = PBXBuildFile; fileRef = A190E3772854CEEE0044AAF3 /* NotificationManager.swift */; };
		A190E37C2854CEEE0044AAF3 /* PersistanceManager.swift in Sources */ = {isa = PBXBuildFile; fileRef = A190E3782854CEEE0044AAF3 /* PersistanceManager.swift */; };
		A190E37D2854CEEE0044AAF3 /* ColorManager.swift in Sources */ = {isa = PBXBuildFile; fileRef = A190E3792854CEEE0044AAF3 /* ColorManager.swift */; };
		A190E37E2854CEEE0044AAF3 /* DateEngine.swift in Sources */ = {isa = PBXBuildFile; fileRef = A190E37A2854CEEE0044AAF3 /* DateEngine.swift */; };
		A190E3802854CEFD0044AAF3 /* Extensions.swift in Sources */ = {isa = PBXBuildFile; fileRef = A190E37F2854CEFD0044AAF3 /* Extensions.swift */; };
		A190E3822854CF050044AAF3 /* CellView.swift in Sources */ = {isa = PBXBuildFile; fileRef = A190E3812854CF050044AAF3 /* CellView.swift */; };
		A190E3872854CF4E0044AAF3 /* ExtensionsTests.swift in Sources */ = {isa = PBXBuildFile; fileRef = A190E3842854CF4E0044AAF3 /* ExtensionsTests.swift */; };
		A190E3882854CF4E0044AAF3 /* MainViewManagerTests.swift in Sources */ = {isa = PBXBuildFile; fileRef = A190E3852854CF4E0044AAF3 /* MainViewManagerTests.swift */; };
		A190E3892854CF4E0044AAF3 /* DateEngineTests.swift in Sources */ = {isa = PBXBuildFile; fileRef = A190E3862854CF4E0044AAF3 /* DateEngineTests.swift */; };
		A190E38C2854CF8C0044AAF3 /* Remindy.xcdatamodeld in Sources */ = {isa = PBXBuildFile; fileRef = A190E38A2854CF8C0044AAF3 /* Remindy.xcdatamodeld */; };
		A1A347A328551E4C006F409E /* RegexManager.swift in Sources */ = {isa = PBXBuildFile; fileRef = A1A347A228551E4C006F409E /* RegexManager.swift */; };
		A1A347A528551FD9006F409E /* RegexManagerTests.swift in Sources */ = {isa = PBXBuildFile; fileRef = A1A347A428551FD9006F409E /* RegexManagerTests.swift */; };
		C0F34C672EDDA12A00AB8D10 /* remindy.icon in Resources */ = {isa = PBXBuildFile; fileRef = C0F34C662EDDA12A00AB8D10 /* remindy.icon */; };
/* End PBXBuildFile section */

/* Begin PBXContainerItemProxy section */
		A190E34D2854CE0C0044AAF3 /* PBXContainerItemProxy */ = {
			isa = PBXContainerItemProxy;
			containerPortal = A190E3332854CE0A0044AAF3 /* Project object */;
			proxyType = 1;
			remoteGlobalIDString = A190E33A2854CE0A0044AAF3;
			remoteInfo = Remindy;
		};
/* End PBXContainerItemProxy section */

/* Begin PBXFileReference section */
		A190E33B2854CE0A0044AAF3 /* Remindy.app */ = {isa = PBXFileReference; explicitFileType = wrapper.application; includeInIndex = 0; path = Remindy.app; sourceTree = BUILT_PRODUCTS_DIR; };
		A190E33E2854CE0A0044AAF3 /* RemindyApp.swift */ = {isa = PBXFileReference; lastKnownFileType = sourcecode.swift; path = RemindyApp.swift; sourceTree = "<group>"; };
		A190E3422854CE0B0044AAF3 /* Assets.xcassets */ = {isa = PBXFileReference; lastKnownFileType = folder.assetcatalog; path = Assets.xcassets; sourceTree = "<group>"; };
		A190E3452854CE0B0044AAF3 /* Preview Assets.xcassets */ = {isa = PBXFileReference; lastKnownFileType = folder.assetcatalog; path = "Preview Assets.xcassets"; sourceTree = "<group>"; };
		A190E3472854CE0B0044AAF3 /* Remindy.entitlements */ = {isa = PBXFileReference; lastKnownFileType = text.plist.entitlements; path = Remindy.entitlements; sourceTree = "<group>"; };
		A190E34C2854CE0C0044AAF3 /* RemindyTests.xctest */ = {isa = PBXFileReference; explicitFileType = wrapper.cfbundle; includeInIndex = 0; path = RemindyTests.xctest; sourceTree = BUILT_PRODUCTS_DIR; };
		A190E36F2854CED10044AAF3 /* MainView.swift */ = {isa = PBXFileReference; fileEncoding = 4; lastKnownFileType = sourcecode.swift; path = MainView.swift; sourceTree = "<group>"; };
		A190E3702854CED10044AAF3 /* MainViewModel.swift */ = {isa = PBXFileReference; fileEncoding = 4; lastKnownFileType = sourcecode.swift; path = MainViewModel.swift; sourceTree = "<group>"; };
		A190E3732854CED90044AAF3 /* SettingsView.swift */ = {isa = PBXFileReference; fileEncoding = 4; lastKnownFileType = sourcecode.swift; path = SettingsView.swift; sourceTree = "<group>"; };
		A190E3742854CED90044AAF3 /* SettingsViewModel.swift */ = {isa = PBXFileReference; fileEncoding = 4; lastKnownFileType = sourcecode.swift; path = SettingsViewModel.swift; sourceTree = "<group>"; };
		A190E3772854CEEE0044AAF3 /* NotificationManager.swift */ = {isa = PBXFileReference; fileEncoding = 4; lastKnownFileType = sourcecode.swift; path = NotificationManager.swift; sourceTree = "<group>"; };
		A190E3782854CEEE0044AAF3 /* PersistanceManager.swift */ = {isa = PBXFileReference; fileEncoding = 4; lastKnownFileType = sourcecode.swift; path = PersistanceManager.swift; sourceTree = "<group>"; };
		A190E3792854CEEE0044AAF3 /* ColorManager.swift */ = {isa = PBXFileReference; fileEncoding = 4; lastKnownFileType = sourcecode.swift; path = ColorManager.swift; sourceTree = "<group>"; };
		A190E37A2854CEEE0044AAF3 /* DateEngine.swift */ = {isa = PBXFileReference; fileEncoding = 4; lastKnownFileType = sourcecode.swift; path = DateEngine.swift; sourceTree = "<group>"; };
		A190E37F2854CEFD0044AAF3 /* Extensions.swift */ = {isa = PBXFileReference; fileEncoding = 4; lastKnownFileType = sourcecode.swift; path = Extensions.swift; sourceTree = "<group>"; };
		A190E3812854CF050044AAF3 /* CellView.swift */ = {isa = PBXFileReference; fileEncoding = 4; lastKnownFileType = sourcecode.swift; path = CellView.swift; sourceTree = "<group>"; };
		A190E3832854CF2D0044AAF3 /* Info.plist */ = {isa = PBXFileReference; lastKnownFileType = text.plist.xml; path = Info.plist; sourceTree = "<group>"; };
		A190E3842854CF4E0044AAF3 /* ExtensionsTests.swift */ = {isa = PBXFileReference; fileEncoding = 4; lastKnownFileType = sourcecode.swift; path = ExtensionsTests.swift; sourceTree = "<group>"; };
		A190E3852854CF4E0044AAF3 /* MainViewManagerTests.swift */ = {isa = PBXFileReference; fileEncoding = 4; lastKnownFileType = sourcecode.swift; path = MainViewManagerTests.swift; sourceTree = "<group>"; };
		A190E3862854CF4E0044AAF3 /* DateEngineTests.swift */ = {isa = PBXFileReference; fileEncoding = 4; lastKnownFileType = sourcecode.swift; path = DateEngineTests.swift; sourceTree = "<group>"; };
		A190E38B2854CF8C0044AAF3 /* Remindy.xcdatamodel */ = {isa = PBXFileReference; lastKnownFileType = wrapper.xcdatamodel; path = Remindy.xcdatamodel; sourceTree = "<group>"; };
		A1A347A228551E4C006F409E /* RegexManager.swift */ = {isa = PBXFileReference; lastKnownFileType = sourcecode.swift; path = RegexManager.swift; sourceTree = "<group>"; };
		A1A347A428551FD9006F409E /* RegexManagerTests.swift */ = {isa = PBXFileReference; lastKnownFileType = sourcecode.swift; path = RegexManagerTests.swift; sourceTree = "<group>"; };
		C0F34C662EDDA12A00AB8D10 /* remindy.icon */ = {isa = PBXFileReference; lastKnownFileType = folder.iconcomposer.icon; path = remindy.icon; sourceTree = "<group>"; };
/* End PBXFileReference section */

/* Begin PBXFrameworksBuildPhase section */
		A190E3382854CE0A0044AAF3 /* Frameworks */ = {
			isa = PBXFrameworksBuildPhase;
			buildActionMask = 2147483647;
			files = (
			);
			runOnlyForDeploymentPostprocessing = 0;
		};
		A190E3492854CE0C0044AAF3 /* Frameworks */ = {
			isa = PBXFrameworksBuildPhase;
			buildActionMask = 2147483647;
			files = (
			);
			runOnlyForDeploymentPostprocessing = 0;
		};
/* End PBXFrameworksBuildPhase section */

/* Begin PBXGroup section */
		A190E3322854CE0A0044AAF3 = {
			isa = PBXGroup;
			children = (
				A190E33D2854CE0A0044AAF3 /* Remindy */,
				A190E34F2854CE0C0044AAF3 /* RemindyTests */,
				A190E33C2854CE0A0044AAF3 /* Products */,
			);
			sourceTree = "<group>";
		};
		A190E33C2854CE0A0044AAF3 /* Products */ = {
			isa = PBXGroup;
			children = (
				A190E33B2854CE0A0044AAF3 /* Remindy.app */,
				A190E34C2854CE0C0044AAF3 /* RemindyTests.xctest */,
			);
			name = Products;
			sourceTree = "<group>";
		};
		A190E33D2854CE0A0044AAF3 /* Remindy */ = {
			isa = PBXGroup;
			children = (
				C0F34C662EDDA12A00AB8D10 /* remindy.icon */,
				A190E33E2854CE0A0044AAF3 /* RemindyApp.swift */,
				A190E3692854CE5C0044AAF3 /* Screens */,
				A190E36A2854CE670044AAF3 /* Managers */,
				A190E36B2854CE6F0044AAF3 /* Utility */,
				A190E36C2854CE750044AAF3 /* Views */,
				A190E3422854CE0B0044AAF3 /* Assets.xcassets */,
				A190E38A2854CF8C0044AAF3 /* Remindy.xcdatamodeld */,
				A190E3832854CF2D0044AAF3 /* Info.plist */,
				A190E3472854CE0B0044AAF3 /* Remindy.entitlements */,
				A190E3442854CE0B0044AAF3 /* Preview Content */,
			);
			path = Remindy;
			sourceTree = "<group>";
		};
		A190E3442854CE0B0044AAF3 /* Preview Content */ = {
			isa = PBXGroup;
			children = (
				A190E3452854CE0B0044AAF3 /* Preview Assets.xcassets */,
			);
			path = "Preview Content";
			sourceTree = "<group>";
		};
		A190E34F2854CE0C0044AAF3 /* RemindyTests */ = {
			isa = PBXGroup;
			children = (
				A190E3862854CF4E0044AAF3 /* DateEngineTests.swift */,
				A190E3842854CF4E0044AAF3 /* ExtensionsTests.swift */,
				A190E3852854CF4E0044AAF3 /* MainViewManagerTests.swift */,
				A1A347A428551FD9006F409E /* RegexManagerTests.swift */,
			);
			path = RemindyTests;
			sourceTree = "<group>";
		};
		A190E3692854CE5C0044AAF3 /* Screens */ = {
			isa = PBXGroup;
			children = (
				A190E36E2854CEC00044AAF3 /* MainView */,
				A190E36D2854CEB80044AAF3 /* SettingsView */,
			);
			path = Screens;
			sourceTree = "<group>";
		};
		A190E36A2854CE670044AAF3 /* Managers */ = {
			isa = PBXGroup;
			children = (
				A190E3792854CEEE0044AAF3 /* ColorManager.swift */,
				A190E37A2854CEEE0044AAF3 /* DateEngine.swift */,
				A190E3772854CEEE0044AAF3 /* NotificationManager.swift */,
				A190E3782854CEEE0044AAF3 /* PersistanceManager.swift */,
				A1A347A228551E4C006F409E /* RegexManager.swift */,
			);
			path = Managers;
			sourceTree = "<group>";
		};
		A190E36B2854CE6F0044AAF3 /* Utility */ = {
			isa = PBXGroup;
			children = (
				A190E37F2854CEFD0044AAF3 /* Extensions.swift */,
			);
			path = Utility;
			sourceTree = "<group>";
		};
		A190E36C2854CE750044AAF3 /* Views */ = {
			isa = PBXGroup;
			children = (
				A190E3812854CF050044AAF3 /* CellView.swift */,
			);
			path = Views;
			sourceTree = "<group>";
		};
		A190E36D2854CEB80044AAF3 /* SettingsView */ = {
			isa = PBXGroup;
			children = (
				A190E3732854CED90044AAF3 /* SettingsView.swift */,
				A190E3742854CED90044AAF3 /* SettingsViewModel.swift */,
			);
			path = SettingsView;
			sourceTree = "<group>";
		};
		A190E36E2854CEC00044AAF3 /* MainView */ = {
			isa = PBXGroup;
			children = (
				A190E36F2854CED10044AAF3 /* MainView.swift */,
				A190E3702854CED10044AAF3 /* MainViewModel.swift */,
			);
			path = MainView;
			sourceTree = "<group>";
		};
/* End PBXGroup section */

/* Begin PBXNativeTarget section */
		A190E33A2854CE0A0044AAF3 /* Remindy */ = {
			isa = PBXNativeTarget;
			buildConfigurationList = A190E3602854CE0C0044AAF3 /* Build configuration list for PBXNativeTarget "Remindy" */;
			buildPhases = (
				A190E3372854CE0A0044AAF3 /* Sources */,
				A190E3382854CE0A0044AAF3 /* Frameworks */,
				A190E3392854CE0A0044AAF3 /* Resources */,
			);
			buildRules = (
			);
			dependencies = (
			);
			name = Remindy;
			productName = Remindy;
			productReference = A190E33B2854CE0A0044AAF3 /* Remindy.app */;
			productType = "com.apple.product-type.application";
		};
		A190E34B2854CE0C0044AAF3 /* RemindyTests */ = {
			isa = PBXNativeTarget;
			buildConfigurationList = A190E3632854CE0C0044AAF3 /* Build configuration list for PBXNativeTarget "RemindyTests" */;
			buildPhases = (
				A190E3482854CE0C0044AAF3 /* Sources */,
				A190E3492854CE0C0044AAF3 /* Frameworks */,
				A190E34A2854CE0C0044AAF3 /* Resources */,
			);
			buildRules = (
			);
			dependencies = (
				A190E34E2854CE0C0044AAF3 /* PBXTargetDependency */,
			);
			name = RemindyTests;
			productName = RemindyTests;
			productReference = A190E34C2854CE0C0044AAF3 /* RemindyTests.xctest */;
			productType = "com.apple.product-type.bundle.unit-test";
		};
/* End PBXNativeTarget section */

/* Begin PBXProject section */
		A190E3332854CE0A0044AAF3 /* Project object */ = {
			isa = PBXProject;
			attributes = {
				BuildIndependentTargetsInParallel = 1;
				LastSwiftUpdateCheck = 1340;
				LastUpgradeCheck = 1340;
				TargetAttributes = {
					A190E33A2854CE0A0044AAF3 = {
						CreatedOnToolsVersion = 13.4.1;
					};
					A190E34B2854CE0C0044AAF3 = {
						CreatedOnToolsVersion = 13.4.1;
						LastSwiftMigration = 1340;
						TestTargetID = A190E33A2854CE0A0044AAF3;
					};
				};
			};
			buildConfigurationList = A190E3362854CE0A0044AAF3 /* Build configuration list for PBXProject "Remindy" */;
			compatibilityVersion = "Xcode 13.0";
			developmentRegion = en;
			hasScannedForEncodings = 0;
			knownRegions = (
				en,
				Base,
			);
			mainGroup = A190E3322854CE0A0044AAF3;
			productRefGroup = A190E33C2854CE0A0044AAF3 /* Products */;
			projectDirPath = "";
			projectRoot = "";
			targets = (
				A190E33A2854CE0A0044AAF3 /* Remindy */,
				A190E34B2854CE0C0044AAF3 /* RemindyTests */,
			);
		};
/* End PBXProject section */

/* Begin PBXResourcesBuildPhase section */
		A190E3392854CE0A0044AAF3 /* Resources */ = {
			isa = PBXResourcesBuildPhase;
			buildActionMask = 2147483647;
			files = (
				A190E3462854CE0B0044AAF3 /* Preview Assets.xcassets in Resources */,
				A190E3432854CE0B0044AAF3 /* Assets.xcassets in Resources */,
				C0F34C672EDDA12A00AB8D10 /* remindy.icon in Resources */,
			);
			runOnlyForDeploymentPostprocessing = 0;
		};
		A190E34A2854CE0C0044AAF3 /* Resources */ = {
			isa = PBXResourcesBuildPhase;
			buildActionMask = 2147483647;
			files = (
			);
			runOnlyForDeploymentPostprocessing = 0;
		};
/* End PBXResourcesBuildPhase section */

/* Begin PBXSourcesBuildPhase section */
		A190E3372854CE0A0044AAF3 /* Sources */ = {
			isa = PBXSourcesBuildPhase;
			buildActionMask = 2147483647;
			files = (
				A190E38C2854CF8C0044AAF3 /* Remindy.xcdatamodeld in Sources */,
				A190E3822854CF050044AAF3 /* CellView.swift in Sources */,
				A190E37B2854CEEE0044AAF3 /* NotificationManager.swift in Sources */,
				A190E3762854CED90044AAF3 /* SettingsViewModel.swift in Sources */,
				A190E33F2854CE0A0044AAF3 /* RemindyApp.swift in Sources */,
				A190E3752854CED90044AAF3 /* SettingsView.swift in Sources */,
				A1A347A328551E4C006F409E /* RegexManager.swift in Sources */,
				A190E3712854CED10044AAF3 /* MainView.swift in Sources */,
				A190E3802854CEFD0044AAF3 /* Extensions.swift in Sources */,
				A190E3722854CED10044AAF3 /* MainViewModel.swift in Sources */,
				A190E37E2854CEEE0044AAF3 /* DateEngine.swift in Sources */,
				A190E37C2854CEEE0044AAF3 /* PersistanceManager.swift in Sources */,
				A190E37D2854CEEE0044AAF3 /* ColorManager.swift in Sources */,
			);
			runOnlyForDeploymentPostprocessing = 0;
		};
		A190E3482854CE0C0044AAF3 /* Sources */ = {
			isa = PBXSourcesBuildPhase;
			buildActionMask = 2147483647;
			files = (
				A190E3872854CF4E0044AAF3 /* ExtensionsTests.swift in Sources */,
				A190E3892854CF4E0044AAF3 /* DateEngineTests.swift in Sources */,
				A190E3882854CF4E0044AAF3 /* MainViewManagerTests.swift in Sources */,
				A1A347A528551FD9006F409E /* RegexManagerTests.swift in Sources */,
			);
			runOnlyForDeploymentPostprocessing = 0;
		};
/* End PBXSourcesBuildPhase section */

/* Begin PBXTargetDependency section */
		A190E34E2854CE0C0044AAF3 /* PBXTargetDependency */ = {
			isa = PBXTargetDependency;
			target = A190E33A2854CE0A0044AAF3 /* Remindy */;
			targetProxy = A190E34D2854CE0C0044AAF3 /* PBXContainerItemProxy */;
		};
/* End PBXTargetDependency section */

/* Begin XCBuildConfiguration section */
		A190E35E2854CE0C0044AAF3 /* Debug */ = {
			isa = XCBuildConfiguration;
			buildSettings = {
				ALWAYS_SEARCH_USER_PATHS = NO;
				CLANG_ANALYZER_NONNULL = YES;
				CLANG_ANALYZER_NUMBER_OBJECT_CONVERSION = YES_AGGRESSIVE;
				CLANG_CXX_LANGUAGE_STANDARD = "gnu++17";
				CLANG_ENABLE_MODULES = YES;
				CLANG_ENABLE_OBJC_ARC = YES;
				CLANG_ENABLE_OBJC_WEAK = YES;
				CLANG_WARN_BLOCK_CAPTURE_AUTORELEASING = YES;
				CLANG_WARN_BOOL_CONVERSION = YES;
				CLANG_WARN_COMMA = YES;
				CLANG_WARN_CONSTANT_CONVERSION = YES;
				CLANG_WARN_DEPRECATED_OBJC_IMPLEMENTATIONS = YES;
				CLANG_WARN_DIRECT_OBJC_ISA_USAGE = YES_ERROR;
				CLANG_WARN_DOCUMENTATION_COMMENTS = YES;
				CLANG_WARN_EMPTY_BODY = YES;
				CLANG_WARN_ENUM_CONVERSION = YES;
				CLANG_WARN_INFINITE_RECURSION = YES;
				CLANG_WARN_INT_CONVERSION = YES;
				CLANG_WARN_NON_LITERAL_NULL_CONVERSION = YES;
				CLANG_WARN_OBJC_IMPLICIT_RETAIN_SELF = YES;
				CLANG_WARN_OBJC_LITERAL_CONVERSION = YES;
				CLANG_WARN_OBJC_ROOT_CLASS = YES_ERROR;
				CLANG_WARN_QUOTED_INCLUDE_IN_FRAMEWORK_HEADER = YES;
				CLANG_WARN_RANGE_LOOP_ANALYSIS = YES;
				CLANG_WARN_STRICT_PROTOTYPES = YES;
				CLANG_WARN_SUSPICIOUS_MOVE = YES;
				CLANG_WARN_UNGUARDED_AVAILABILITY = YES_AGGRESSIVE;
				CLANG_WARN_UNREACHABLE_CODE = YES;
				CLANG_WARN__DUPLICATE_METHOD_MATCH = YES;
				COPY_PHASE_STRIP = NO;
				DEBUG_INFORMATION_FORMAT = dwarf;
				ENABLE_STRICT_OBJC_MSGSEND = YES;
				ENABLE_TESTABILITY = YES;
				GCC_C_LANGUAGE_STANDARD = gnu11;
				GCC_DYNAMIC_NO_PIC = NO;
				GCC_NO_COMMON_BLOCKS = YES;
				GCC_OPTIMIZATION_LEVEL = 0;
				GCC_PREPROCESSOR_DEFINITIONS = (
					"DEBUG=1",
					"$(inherited)",
				);
				GCC_WARN_64_TO_32_BIT_CONVERSION = YES;
				GCC_WARN_ABOUT_RETURN_TYPE = YES_ERROR;
				GCC_WARN_UNDECLARED_SELECTOR = YES;
				GCC_WARN_UNINITIALIZED_AUTOS = YES_AGGRESSIVE;
				GCC_WARN_UNUSED_FUNCTION = YES;
				GCC_WARN_UNUSED_VARIABLE = YES;
				MACOSX_DEPLOYMENT_TARGET = 12.3;
				MTL_ENABLE_DEBUG_INFO = INCLUDE_SOURCE;
				MTL_FAST_MATH = YES;
				ONLY_ACTIVE_ARCH = YES;
				SDKROOT = macosx;
				SWIFT_ACTIVE_COMPILATION_CONDITIONS = DEBUG;
				SWIFT_OPTIMIZATION_LEVEL = "-Onone";
			};
			name = Debug;
		};
		A190E35F2854CE0C0044AAF3 /* Release */ = {
			isa = XCBuildConfiguration;
			buildSettings = {
				ALWAYS_SEARCH_USER_PATHS = NO;
				CLANG_ANALYZER_NONNULL = YES;
				CLANG_ANALYZER_NUMBER_OBJECT_CONVERSION = YES_AGGRESSIVE;
				CLANG_CXX_LANGUAGE_STANDARD = "gnu++17";
				CLANG_ENABLE_MODULES = YES;
				CLANG_ENABLE_OBJC_ARC = YES;
				CLANG_ENABLE_OBJC_WEAK = YES;
				CLANG_WARN_BLOCK_CAPTURE_AUTORELEASING = YES;
				CLANG_WARN_BOOL_CONVERSION = YES;
				CLANG_WARN_COMMA = YES;
				CLANG_WARN_CONSTANT_CONVERSION = YES;
				CLANG_WARN_DEPRECATED_OBJC_IMPLEMENTATIONS = YES;
				CLANG_WARN_DIRECT_OBJC_ISA_USAGE = YES_ERROR;
				CLANG_WARN_DOCUMENTATION_COMMENTS = YES;
				CLANG_WARN_EMPTY_BODY = YES;
				CLANG_WARN_ENUM_CONVERSION = YES;
				CLANG_WARN_INFINITE_RECURSION = YES;
				CLANG_WARN_INT_CONVERSION = YES;
				CLANG_WARN_NON_LITERAL_NULL_CONVERSION = YES;
				CLANG_WARN_OBJC_IMPLICIT_RETAIN_SELF = YES;
				CLANG_WARN_OBJC_LITERAL_CONVERSION = YES;
				CLANG_WARN_OBJC_ROOT_CLASS = YES_ERROR;
				CLANG_WARN_QUOTED_INCLUDE_IN_FRAMEWORK_HEADER = YES;
				CLANG_WARN_RANGE_LOOP_ANALYSIS = YES;
				CLANG_WARN_STRICT_PROTOTYPES = YES;
				CLANG_WARN_SUSPICIOUS_MOVE = YES;
				CLANG_WARN_UNGUARDED_AVAILABILITY = YES_AGGRESSIVE;
				CLANG_WARN_UNREACHABLE_CODE = YES;
				CLANG_WARN__DUPLICATE_METHOD_MATCH = YES;
				COPY_PHASE_STRIP = NO;
				DEBUG_INFORMATION_FORMAT = "dwarf-with-dsym";
				ENABLE_NS_ASSERTIONS = NO;
				ENABLE_STRICT_OBJC_MSGSEND = YES;
				GCC_C_LANGUAGE_STANDARD = gnu11;
				GCC_NO_COMMON_BLOCKS = YES;
				GCC_WARN_64_TO_32_BIT_CONVERSION = YES;
				GCC_WARN_ABOUT_RETURN_TYPE = YES_ERROR;
				GCC_WARN_UNDECLARED_SELECTOR = YES;
				GCC_WARN_UNINITIALIZED_AUTOS = YES_AGGRESSIVE;
				GCC_WARN_UNUSED_FUNCTION = YES;
				GCC_WARN_UNUSED_VARIABLE = YES;
				MACOSX_DEPLOYMENT_TARGET = 12.3;
				MTL_ENABLE_DEBUG_INFO = NO;
				MTL_FAST_MATH = YES;
				SDKROOT = macosx;
				SWIFT_COMPILATION_MODE = wholemodule;
				SWIFT_OPTIMIZATION_LEVEL = "-O";
			};
			name = Release;
		};
		A190E3612854CE0C0044AAF3 /* Debug */ = {
			isa = XCBuildConfiguration;
			buildSettings = {
				ASSETCATALOG_COMPILER_APPICON_NAME = remindy;
				ASSETCATALOG_COMPILER_GLOBAL_ACCENT_COLOR_NAME = AccentColor;
				CODE_SIGN_ENTITLEMENTS = Remindy/Remindy.entitlements;
				CODE_SIGN_STYLE = Automatic;
				COMBINE_HIDPI_IMAGES = YES;
				CURRENT_PROJECT_VERSION = 1;
				DEVELOPMENT_ASSET_PATHS = "\"Remindy/Preview Content\"";
				DEVELOPMENT_TEAM = 7F47MKWBPJ;
				ENABLE_HARDENED_RUNTIME = YES;
				ENABLE_PREVIEWS = YES;
				GENERATE_INFOPLIST_FILE = YES;
				INFOPLIST_FILE = Remindy/Info.plist;
				INFOPLIST_KEY_CFBundleDisplayName = Remindy;
				INFOPLIST_KEY_LSApplicationCategoryType = "public.app-category.productivity";
				INFOPLIST_KEY_LSUIElement = YES;
				INFOPLIST_KEY_NSHumanReadableCopyright = "";
				LD_RUNPATH_SEARCH_PATHS = (
					"$(inherited)",
					"@executable_path/../Frameworks",
				);
				MARKETING_VERSION = 2.0;
				PRODUCT_BUNDLE_IDENTIFIER = federicoimberti.remindy;
				PRODUCT_NAME = "$(TARGET_NAME)";
				SWIFT_EMIT_LOC_STRINGS = YES;
				SWIFT_VERSION = 5.0;
			};
			name = Debug;
		};
		A190E3622854CE0C0044AAF3 /* Release */ = {
			isa = XCBuildConfiguration;
			buildSettings = {
				ASSETCATALOG_COMPILER_APPICON_NAME = remindy;
				ASSETCATALOG_COMPILER_GLOBAL_ACCENT_COLOR_NAME = AccentColor;
				CODE_SIGN_ENTITLEMENTS = Remindy/Remindy.entitlements;
				CODE_SIGN_STYLE = Automatic;
				COMBINE_HIDPI_IMAGES = YES;
				CURRENT_PROJECT_VERSION = 1;
				DEVELOPMENT_ASSET_PATHS = "\"Remindy/Preview Content\"";
				DEVELOPMENT_TEAM = 7F47MKWBPJ;
				ENABLE_HARDENED_RUNTIME = YES;
				ENABLE_PREVIEWS = YES;
				GENERATE_INFOPLIST_FILE = YES;
				INFOPLIST_FILE = Remindy/Info.plist;
				INFOPLIST_KEY_CFBundleDisplayName = Remindy;
				INFOPLIST_KEY_LSApplicationCategoryType = "public.app-category.productivity";
				INFOPLIST_KEY_LSUIElement = YES;
				INFOPLIST_KEY_NSHumanReadableCopyright = "";
				LD_RUNPATH_SEARCH_PATHS = (
					"$(inherited)",
					"@executable_path/../Frameworks",
				);
				MARKETING_VERSION = 2.0;
				PRODUCT_BUNDLE_IDENTIFIER = federicoimberti.remindy;
				PRODUCT_NAME = "$(TARGET_NAME)";
				SWIFT_EMIT_LOC_STRINGS = YES;
				SWIFT_VERSION = 5.0;
			};
			name = Release;
		};
		A190E3642854CE0C0044AAF3 /* Debug */ = {
			isa = XCBuildConfiguration;
			buildSettings = {
				ALWAYS_EMBED_SWIFT_STANDARD_LIBRARIES = YES;
				BUNDLE_LOADER = "$(TEST_HOST)";
				CLANG_ENABLE_MODULES = YES;
				CODE_SIGN_STYLE = Automatic;
				CURRENT_PROJECT_VERSION = 1;
				DEVELOPMENT_TEAM = 7F47MKWBPJ;
				GENERATE_INFOPLIST_FILE = YES;
				LD_RUNPATH_SEARCH_PATHS = (
					"$(inherited)",
					"@executable_path/../Frameworks",
					"@loader_path/../Frameworks",
				);
				MACOSX_DEPLOYMENT_TARGET = 12.3;
				MARKETING_VERSION = 1.0;
				PRODUCT_BUNDLE_IDENTIFIER = federicoimberti.RemindyTests;
				PRODUCT_NAME = "$(TARGET_NAME)";
				SWIFT_EMIT_LOC_STRINGS = NO;
				SWIFT_OPTIMIZATION_LEVEL = "-Onone";
				SWIFT_VERSION = 5.0;
				TEST_HOST = "$(BUILT_PRODUCTS_DIR)/Remindy.app/Contents/MacOS/Remindy";
			};
			name = Debug;
		};
		A190E3652854CE0C0044AAF3 /* Release */ = {
			isa = XCBuildConfiguration;
			buildSettings = {
				ALWAYS_EMBED_SWIFT_STANDARD_LIBRARIES = YES;
				BUNDLE_LOADER = "$(TEST_HOST)";
				CLANG_ENABLE_MODULES = YES;
				CODE_SIGN_STYLE = Automatic;
				CURRENT_PROJECT_VERSION = 1;
				DEVELOPMENT_TEAM = 7F47MKWBPJ;
				GENERATE_INFOPLIST_FILE = YES;
				LD_RUNPATH_SEARCH_PATHS = (
					"$(inherited)",
					"@executable_path/../Frameworks",
					"@loader_path/../Frameworks",
				);
				MACOSX_DEPLOYMENT_TARGET = 12.3;
				MARKETING_VERSION = 1.0;
				PRODUCT_BUNDLE_IDENTIFIER = federicoimberti.RemindyTests;
				PRODUCT_NAME = "$(TARGET_NAME)";
				SWIFT_EMIT_LOC_STRINGS = NO;
				SWIFT_VERSION = 5.0;
				TEST_HOST = "$(BUILT_PRODUCTS_DIR)/Remindy.app/Contents/MacOS/Remindy";
			};
			name = Release;
		};
/* End XCBuildConfiguration section */

/* Begin XCConfigurationList section */
		A190E3362854CE0A0044AAF3 /* Build configuration list for PBXProject "Remindy" */ = {
			isa = XCConfigurationList;
			buildConfigurations = (
				A190E35E2854CE0C0044AAF3 /* Debug */,
				A190E35F2854CE0C0044AAF3 /* Release */,
			);
			defaultConfigurationIsVisible = 0;
			defaultConfigurationName = Release;
		};
		A190E3602854CE0C0044AAF3 /* Build configuration list for PBXNativeTarget "Remindy" */ = {
			isa = XCConfigurationList;
			buildConfigurations = (
				A190E3612854CE0C0044AAF3 /* Debug */,
				A190E3622854CE0C0044AAF3 /* Release */,
			);
			defaultConfigurationIsVisible = 0;
			defaultConfigurationName = Release;
		};
		A190E3632854CE0C0044AAF3 /* Build configuration list for PBXNativeTarget "RemindyTests" */ = {
			isa = XCConfigurationList;
			buildConfigurations = (
				A190E3642854CE0C0044AAF3 /* Debug */,
				A190E3652854CE0C0044AAF3 /* Release */,
			);
			defaultConfigurationIsVisible = 0;
			defaultConfigurationName = Release;
		};
/* End XCConfigurationList section */

/* Begin XCVersionGroup section */
		A190E38A2854CF8C0044AAF3 /* Remindy.xcdatamodeld */ = {
			isa = XCVersionGroup;
			children = (
				A190E38B2854CF8C0044AAF3 /* Remindy.xcdatamodel */,
			);
			currentVersion = A190E38B2854CF8C0044AAF3 /* Remindy.xcdatamodel */;
			path = Remindy.xcdatamodeld;
			sourceTree = "<group>";
			versionGroupType = wrapper.xcdatamodel;
		};
/* End XCVersionGroup section */
	};
	rootObject = A190E3332854CE0A0044AAF3 /* Project object */;
}
