// !$*UTF8*$!
{
	archiveVersion = 1;
	classes = {
	};
	objectVersion = 55;
	objects = {

/* Begin PBXBuildFile section */
		A190E33F2854CE0A0044AAF3 /* RemindyApp.swift in Sources */ = {isa = PBXBuildFile; fileRef = A190E33E2854CE0A0044AAF3 /* RemindyApp.swift */; };
		A190E3412854CE0A0044AAF3 /* ContentView.swift in Sources */ = {isa = PBXBuildFile; fileRef = A190E3402854CE0A0044AAF3 /* ContentView.swift */; };
		A190E3432854CE0B0044AAF3 /* Assets.xcassets in Resources */ = {isa = PBXBuildFile; fileRef = A190E3422854CE0B0044AAF3 /* Assets.xcassets */; };
		A190E3462854CE0B0044AAF3 /* Preview Assets.xcassets in Resources */ = {isa = PBXBuildFile; fileRef = A190E3452854CE0B0044AAF3 /* Preview Assets.xcassets */; };
		A190E3512854CE0C0044AAF3 /* RemindyTests.swift in Sources */ = {isa = PBXBuildFile; fileRef = A190E3502854CE0C0044AAF3 /* RemindyTests.swift */; };
		A190E35B2854CE0C0044AAF3 /* RemindyUITests.swift in Sources */ = {isa = PBXBuildFile; fileRef = A190E35A2854CE0C0044AAF3 /* RemindyUITests.swift */; };
		A190E35D2854CE0C0044AAF3 /* RemindyUITestsLaunchTests.swift in Sources */ = {isa = PBXBuildFile; fileRef = A190E35C2854CE0C0044AAF3 /* RemindyUITestsLaunchTests.swift */; };
/* End PBXBuildFile section */

/* Begin PBXContainerItemProxy section */
		A190E34D2854CE0C0044AAF3 /* PBXContainerItemProxy */ = {
			isa = PBXContainerItemProxy;
			containerPortal = A190E3332854CE0A0044AAF3 /* Project object */;
			proxyType = 1;
			remoteGlobalIDString = A190E33A2854CE0A0044AAF3;
			remoteInfo = Remindy;
		};
		A190E3572854CE0C0044AAF3 /* PBXContainerItemProxy */ = {
			isa = PBXContainerItemProxy;
			containerPortal = A190E3332854CE0A0044AAF3 /* Project object */;
			proxyType = 1;
			remoteGlobalIDString = A190E33A2854CE0A0044AAF3;
			remoteInfo = Remindy;
		};
/* End PBXContainerItemProxy section */

/* Begin PBXFileReference section */
		A190E33B2854CE0A0044AAF3 /* Remindy.app */ = {isa = PBXFileReference; explicitFileType = wrapper.application; includeInIndex = 0; path = Remindy.app; sourceTree = BUILT_PRODUCTS_DIR; };
		A190E33E2854CE0A0044AAF3 /* RemindyApp.swift */ = {isa = PBXFileReference; lastKnownFileType = sourcecode.swift; path = RemindyApp.swift; sourceTree = "<group>"; };
		A190E3402854CE0A0044AAF3 /* ContentView.swift */ = {isa = PBXFileReference; lastKnownFileType = sourcecode.swift; path = ContentView.swift; sourceTree = "<group>"; };
		A190E3422854CE0B0044AAF3 /* Assets.xcassets */ = {isa = PBXFileReference; lastKnownFileType = folder.assetcatalog; path = Assets.xcassets; sourceTree = "<group>"; };
		A190E3452854CE0B0044AAF3 /* Preview Assets.xcassets */ = {isa = PBXFileReference; lastKnownFileType = folder.assetcatalog; path = "Preview Assets.xcassets"; sourceTree = "<group>"; };
		A190E3472854CE0B0044AAF3 /* Remindy.entitlements */ = {isa = PBXFileReference; lastKnownFileType = text.plist.entitlements; path = Remindy.entitlements; sourceTree = "<group>"; };
		A190E34C2854CE0C0044AAF3 /* RemindyTests.xctest */ = {isa = PBXFileReference; explicitFileType = wrapper.cfbundle; includeInIndex = 0; path = RemindyTests.xctest; sourceTree = BUILT_PRODUCTS_DIR; };
		A190E3502854CE0C0044AAF3 /* RemindyTests.swift */ = {isa = PBXFileReference; lastKnownFileType = sourcecode.swift; path = RemindyTests.swift; sourceTree = "<group>"; };
		A190E3562854CE0C0044AAF3 /* RemindyUITests.xctest */ = {isa = PBXFileReference; explicitFileType = wrapper.cfbundle; includeInIndex = 0; path = RemindyUITests.xctest; sourceTree = BUILT_PRODUCTS_DIR; };
		A190E35A2854CE0C0044AAF3 /* RemindyUITests.swift */ = {isa = PBXFileReference; lastKnownFileType = sourcecode.swift; path = RemindyUITests.swift; sourceTree = "<group>"; };
		A190E35C2854CE0C0044AAF3 /* RemindyUITestsLaunchTests.swift */ = {isa = PBXFileReference; lastKnownFileType = sourcecode.swift; path = RemindyUITestsLaunchTests.swift; sourceTree = "<group>"; };
/* End PBXFileReference section */

/* Begin PBXFrameworksBuildPhase section */
		A190E3382854CE0A0044AAF3 /* Frameworks */ = {
			isa = PBXFrameworksBuildPhase;
			buildActionMask = 2147483647;
			files = (
			);
			runOnlyForDeploymentPostprocessing = 0;
		};
		A190E3492854CE0C0044AAF3 /* Frameworks */ = {
			isa = PBXFrameworksBuildPhase;
			buildActionMask = 2147483647;
			files = (
			);
			runOnlyForDeploymentPostprocessing = 0;
		};
		A190E3532854CE0C0044AAF3 /* Frameworks */ = {
			isa = PBXFrameworksBuildPhase;
			buildActionMask = 2147483647;
			files = (
			);
			runOnlyForDeploymentPostprocessing = 0;
		};
/* End PBXFrameworksBuildPhase section */

/* Begin PBXGroup section */
		A190E3322854CE0A0044AAF3 = {
			isa = PBXGroup;
			children = (
				A190E33D2854CE0A0044AAF3 /* Remindy */,
				A190E34F2854CE0C0044AAF3 /* RemindyTests */,
				A190E3592854CE0C0044AAF3 /* RemindyUITests */,
				A190E33C2854CE0A0044AAF3 /* Products */,
			);
			sourceTree = "<group>";
		};
		A190E33C2854CE0A0044AAF3 /* Products */ = {
			isa = PBXGroup;
			children = (
				A190E33B2854CE0A0044AAF3 /* Remindy.app */,
				A190E34C2854CE0C0044AAF3 /* RemindyTests.xctest */,
				A190E3562854CE0C0044AAF3 /* RemindyUITests.xctest */,
			);
			name = Products;
			sourceTree = "<group>";
		};
		A190E33D2854CE0A0044AAF3 /* Remindy */ = {
			isa = PBXGroup;
			children = (
				A190E33E2854CE0A0044AAF3 /* RemindyApp.swift */,
				A190E3402854CE0A0044AAF3 /* ContentView.swift */,
				A190E3422854CE0B0044AAF3 /* Assets.xcassets */,
				A190E3472854CE0B0044AAF3 /* Remindy.entitlements */,
				A190E3442854CE0B0044AAF3 /* Preview Content */,
			);
			path = Remindy;
			sourceTree = "<group>";
		};
		A190E3442854CE0B0044AAF3 /* Preview Content */ = {
			isa = PBXGroup;
			children = (
				A190E3452854CE0B0044AAF3 /* Preview Assets.xcassets */,
			);
			path = "Preview Content";
			sourceTree = "<group>";
		};
		A190E34F2854CE0C0044AAF3 /* RemindyTests */ = {
			isa = PBXGroup;
			children = (
				A190E3502854CE0C0044AAF3 /* RemindyTests.swift */,
			);
			path = RemindyTests;
			sourceTree = "<group>";
		};
		A190E3592854CE0C0044AAF3 /* RemindyUITests */ = {
			isa = PBXGroup;
			children = (
				A190E35A2854CE0C0044AAF3 /* RemindyUITests.swift */,
				A190E35C2854CE0C0044AAF3 /* RemindyUITestsLaunchTests.swift */,
			);
			path = RemindyUITests;
			sourceTree = "<group>";
		};
/* End PBXGroup section */

/* Begin PBXNativeTarget section */
		A190E33A2854CE0A0044AAF3 /* Remindy */ = {
			isa = PBXNativeTarget;
			buildConfigurationList = A190E3602854CE0C0044AAF3 /* Build configuration list for PBXNativeTarget "Remindy" */;
			buildPhases = (
				A190E3372854CE0A0044AAF3 /* Sources */,
				A190E3382854CE0A0044AAF3 /* Frameworks */,
				A190E3392854CE0A0044AAF3 /* Resources */,
			);
			buildRules = (
			);
			dependencies = (
			);
			name = Remindy;
			productName = Remindy;
			productReference = A190E33B2854CE0A0044AAF3 /* Remindy.app */;
			productType = "com.apple.product-type.application";
		};
		A190E34B2854CE0C0044AAF3 /* RemindyTests */ = {
			isa = PBXNativeTarget;
			buildConfigurationList = A190E3632854CE0C0044AAF3 /* Build configuration list for PBXNativeTarget "RemindyTests" */;
			buildPhases = (
				A190E3482854CE0C0044AAF3 /* Sources */,
				A190E3492854CE0C0044AAF3 /* Frameworks */,
				A190E34A2854CE0C0044AAF3 /* Resources */,
			);
			buildRules = (
			);
			dependencies = (
				A190E34E2854CE0C0044AAF3 /* PBXTargetDependency */,
			);
			name = RemindyTests;
			productName = RemindyTests;
			productReference = A190E34C2854CE0C0044AAF3 /* RemindyTests.xctest */;
			productType = "com.apple.product-type.bundle.unit-test";
		};
		A190E3552854CE0C0044AAF3 /* RemindyUITests */ = {
			isa = PBXNativeTarget;
			buildConfigurationList = A190E3662854CE0C0044AAF3 /* Build configuration list for PBXNativeTarget "RemindyUITests" */;
			buildPhases = (
				A190E3522854CE0C0044AAF3 /* Sources */,
				A190E3532854CE0C0044AAF3 /* Frameworks */,
				A190E3542854CE0C0044AAF3 /* Resources */,
			);
			buildRules = (
			);
			dependencies = (
				A190E3582854CE0C0044AAF3 /* PBXTargetDependency */,
			);
			name = RemindyUITests;
			productName = RemindyUITests;
			productReference = A190E3562854CE0C0044AAF3 /* RemindyUITests.xctest */;
			productType = "com.apple.product-type.bundle.ui-testing";
		};
/* End PBXNativeTarget section */

/* Begin PBXProject section */
		A190E3332854CE0A0044AAF3 /* Project object */ = {
			isa = PBXProject;
			attributes = {
				BuildIndependentTargetsInParallel = 1;
				LastSwiftUpdateCheck = 1340;
				LastUpgradeCheck = 1340;
				TargetAttributes = {
					A190E33A2854CE0A0044AAF3 = {
						CreatedOnToolsVersion = 13.4.1;
					};
					A190E34B2854CE0C0044AAF3 = {
						CreatedOnToolsVersion = 13.4.1;
						TestTargetID = A190E33A2854CE0A0044AAF3;
					};
					A190E3552854CE0C0044AAF3 = {
						CreatedOnToolsVersion = 13.4.1;
						TestTargetID = A190E33A2854CE0A0044AAF3;
					};
				};
			};
			buildConfigurationList = A190E3362854CE0A0044AAF3 /* Build configuration list for PBXProject "Remindy" */;
			compatibilityVersion = "Xcode 13.0";
			developmentRegion = en;
			hasScannedForEncodings = 0;
			knownRegions = (
				en,
				Base,
			);
			mainGroup = A190E3322854CE0A0044AAF3;
			productRefGroup = A190E33C2854CE0A0044AAF3 /* Products */;
			projectDirPath = "";
			projectRoot = "";
			targets = (
				A190E33A2854CE0A0044AAF3 /* Remindy */,
				A190E34B2854CE0C0044AAF3 /* RemindyTests */,
				A190E3552854CE0C0044AAF3 /* RemindyUITests */,
			);
		};
/* End PBXProject section */

/* Begin PBXResourcesBuildPhase section */
		A190E3392854CE0A0044AAF3 /* Resources */ = {
			isa = PBXResourcesBuildPhase;
			buildActionMask = 2147483647;
			files = (
				A190E3462854CE0B0044AAF3 /* Preview Assets.xcassets in Resources */,
				A190E3432854CE0B0044AAF3 /* Assets.xcassets in Resources */,
			);
			runOnlyForDeploymentPostprocessing = 0;
		};
		A190E34A2854CE0C0044AAF3 /* Resources */ = {
			isa = PBXResourcesBuildPhase;
			buildActionMask = 2147483647;
			files = (
			);
			runOnlyForDeploymentPostprocessing = 0;
		};
		A190E3542854CE0C0044AAF3 /* Resources */ = {
			isa = PBXResourcesBuildPhase;
			buildActionMask = 2147483647;
			files = (
			);
			runOnlyForDeploymentPostprocessing = 0;
		};
/* End PBXResourcesBuildPhase section */

/* Begin PBXSourcesBuildPhase section */
		A190E3372854CE0A0044AAF3 /* Sources */ = {
			isa = PBXSourcesBuildPhase;
			buildActionMask = 2147483647;
			files = (
				A190E3412854CE0A0044AAF3 /* ContentView.swift in Sources */,
				A190E33F2854CE0A0044AAF3 /* RemindyApp.swift in Sources */,
			);
			runOnlyForDeploymentPostprocessing = 0;
		};
		A190E3482854CE0C0044AAF3 /* Sources */ = {
			isa = PBXSourcesBuildPhase;
			buildActionMask = 2147483647;
			files = (
				A190E3512854CE0C0044AAF3 /* RemindyTests.swift in Sources */,
			);
			runOnlyForDeploymentPostprocessing = 0;
		};
		A190E3522854CE0C0044AAF3 /* Sources */ = {
			isa = PBXSourcesBuildPhase;
			buildActionMask = 2147483647;
			files = (
				A190E35B2854CE0C0044AAF3 /* RemindyUITests.swift in Sources */,
				A190E35D2854CE0C0044AAF3 /* RemindyUITestsLaunchTests.swift in Sources */,
			);
			runOnlyForDeploymentPostprocessing = 0;
		};
/* End PBXSourcesBuildPhase section */

/* Begin PBXTargetDependency section */
		A190E34E2854CE0C0044AAF3 /* PBXTargetDependency */ = {
			isa = PBXTargetDependency;
			target = A190E33A2854CE0A0044AAF3 /* Remindy */;
			targetProxy = A190E34D2854CE0C0044AAF3 /* PBXContainerItemProxy */;
		};
		A190E3582854CE0C0044AAF3 /* PBXTargetDependency */ = {
			isa = PBXTargetDependency;
			target = A190E33A2854CE0A0044AAF3 /* Remindy */;
			targetProxy = A190E3572854CE0C0044AAF3 /* PBXContainerItemProxy */;
		};
/* End PBXTargetDependency section */

/* Begin XCBuildConfiguration section */
		A190E35E2854CE0C0044AAF3 /* Debug */ = {
			isa = XCBuildConfiguration;
			buildSettings = {
				ALWAYS_SEARCH_USER_PATHS = NO;
				CLANG_ANALYZER_NONNULL = YES;
				CLANG_ANALYZER_NUMBER_OBJECT_CONVERSION = YES_AGGRESSIVE;
				CLANG_CXX_LANGUAGE_STANDARD = "gnu++17";
				CLANG_ENABLE_MODULES = YES;
				CLANG_ENABLE_OBJC_ARC = YES;
				CLANG_ENABLE_OBJC_WEAK = YES;
				CLANG_WARN_BLOCK_CAPTURE_AUTORELEASING = YES;
				CLANG_WARN_BOOL_CONVERSION = YES;
				CLANG_WARN_COMMA = YES;
				CLANG_WARN_CONSTANT_CONVERSION = YES;
				CLANG_WARN_DEPRECATED_OBJC_IMPLEMENTATIONS = YES;
				CLANG_WARN_DIRECT_OBJC_ISA_USAGE = YES_ERROR;
				CLANG_WARN_DOCUMENTATION_COMMENTS = YES;
				CLANG_WARN_EMPTY_BODY = YES;
				CLANG_WARN_ENUM_CONVERSION = YES;
				CLANG_WARN_INFINITE_RECURSION = YES;
				CLANG_WARN_INT_CONVERSION = YES;
				CLANG_WARN_NON_LITERAL_NULL_CONVERSION = YES;
				CLANG_WARN_OBJC_IMPLICIT_RETAIN_SELF = YES;
				CLANG_WARN_OBJC_LITERAL_CONVERSION = YES;
				CLANG_WARN_OBJC_ROOT_CLASS = YES_ERROR;
				CLANG_WARN_QUOTED_INCLUDE_IN_FRAMEWORK_HEADER = YES;
				CLANG_WARN_RANGE_LOOP_ANALYSIS = YES;
				CLANG_WARN_STRICT_PROTOTYPES = YES;
				CLANG_WARN_SUSPICIOUS_MOVE = YES;
				CLANG_WARN_UNGUARDED_AVAILABILITY = YES_AGGRESSIVE;
				CLANG_WARN_UNREACHABLE_CODE = YES;
				CLANG_WARN__DUPLICATE_METHOD_MATCH = YES;
				COPY_PHASE_STRIP = NO;
				DEBUG_INFORMATION_FORMAT = dwarf;
				ENABLE_STRICT_OBJC_MSGSEND = YES;
				ENABLE_TESTABILITY = YES;
				GCC_C_LANGUAGE_STANDARD = gnu11;
				GCC_DYNAMIC_NO_PIC = NO;
				GCC_NO_COMMON_BLOCKS = YES;
				GCC_OPTIMIZATION_LEVEL = 0;
				GCC_PREPROCESSOR_DEFINITIONS = (
					"DEBUG=1",
					"$(inherited)",
				);
				GCC_WARN_64_TO_32_BIT_CONVERSION = YES;
				GCC_WARN_ABOUT_RETURN_TYPE = YES_ERROR;
				GCC_WARN_UNDECLARED_SELECTOR = YES;
				GCC_WARN_UNINITIALIZED_AUTOS = YES_AGGRESSIVE;
				GCC_WARN_UNUSED_FUNCTION = YES;
				GCC_WARN_UNUSED_VARIABLE = YES;
				MACOSX_DEPLOYMENT_TARGET = 12.3;
				MTL_ENABLE_DEBUG_INFO = INCLUDE_SOURCE;
				MTL_FAST_MATH = YES;
				ONLY_ACTIVE_ARCH = YES;
				SDKROOT = macosx;
				SWIFT_ACTIVE_COMPILATION_CONDITIONS = DEBUG;
				SWIFT_OPTIMIZATION_LEVEL = "-Onone";
			};
			name = Debug;
		};
		A190E35F2854CE0C0044AAF3 /* Release */ = {
			isa = XCBuildConfiguration;
			buildSettings = {
				ALWAYS_SEARCH_USER_PATHS = NO;
				CLANG_ANALYZER_NONNULL = YES;
				CLANG_ANALYZER_NUMBER_OBJECT_CONVERSION = YES_AGGRESSIVE;
				CLANG_CXX_LANGUAGE_STANDARD = "gnu++17";
				CLANG_ENABLE_MODULES = YES;
				CLANG_ENABLE_OBJC_ARC = YES;
				CLANG_ENABLE_OBJC_WEAK = YES;
				CLANG_WARN_BLOCK_CAPTURE_AUTORELEASING = YES;
				CLANG_WARN_BOOL_CONVERSION = YES;
				CLANG_WARN_COMMA = YES;
				CLANG_WARN_CONSTANT_CONVERSION = YES;
				CLANG_WARN_DEPRECATED_OBJC_IMPLEMENTATIONS = YES;
				CLANG_WARN_DIRECT_OBJC_ISA_USAGE = YES_ERROR;
				CLANG_WARN_DOCUMENTATION_COMMENTS = YES;
				CLANG_WARN_EMPTY_BODY = YES;
				CLANG_WARN_ENUM_CONVERSION = YES;
				CLANG_WARN_INFINITE_RECURSION = YES;
				CLANG_WARN_INT_CONVERSION = YES;
				CLANG_WARN_NON_LITERAL_NULL_CONVERSION = YES;
				CLANG_WARN_OBJC_IMPLICIT_RETAIN_SELF = YES;
				CLANG_WARN_OBJC_LITERAL_CONVERSION = YES;
				CLANG_WARN_OBJC_ROOT_CLASS = YES_ERROR;
				CLANG_WARN_QUOTED_INCLUDE_IN_FRAMEWORK_HEADER = YES;
				CLANG_WARN_RANGE_LOOP_ANALYSIS = YES;
				CLANG_WARN_STRICT_PROTOTYPES = YES;
				CLANG_WARN_SUSPICIOUS_MOVE = YES;
				CLANG_WARN_UNGUARDED_AVAILABILITY = YES_AGGRESSIVE;
				CLANG_WARN_UNREACHABLE_CODE = YES;
				CLANG_WARN__DUPLICATE_METHOD_MATCH = YES;
				COPY_PHASE_STRIP = NO;
				DEBUG_INFORMATION_FORMAT = "dwarf-with-dsym";
				ENABLE_NS_ASSERTIONS = NO;
				ENABLE_STRICT_OBJC_MSGSEND = YES;
				GCC_C_LANGUAGE_STANDARD = gnu11;
				GCC_NO_COMMON_BLOCKS = YES;
				GCC_WARN_64_TO_32_BIT_CONVERSION = YES;
				GCC_WARN_ABOUT_RETURN_TYPE = YES_ERROR;
				GCC_WARN_UNDECLARED_SELECTOR = YES;
				GCC_WARN_UNINITIALIZED_AUTOS = YES_AGGRESSIVE;
				GCC_WARN_UNUSED_FUNCTION = YES;
				GCC_WARN_UNUSED_VARIABLE = YES;
				MACOSX_DEPLOYMENT_TARGET = 12.3;
				MTL_ENABLE_DEBUG_INFO = NO;
				MTL_FAST_MATH = YES;
				SDKROOT = macosx;
				SWIFT_COMPILATION_MODE = wholemodule;
				SWIFT_OPTIMIZATION_LEVEL = "-O";
			};
			name = Release;
		};
		A190E3612854CE0C0044AAF3 /* Debug */ = {
			isa = XCBuildConfiguration;
			buildSettings = {
				ASSETCATALOG_COMPILER_APPICON_NAME = AppIcon;
				ASSETCATALOG_COMPILER_GLOBAL_ACCENT_COLOR_NAME = AccentColor;
				CODE_SIGN_ENTITLEMENTS = Remindy/Remindy.entitlements;
				CODE_SIGN_STYLE = Automatic;
				COMBINE_HIDPI_IMAGES = YES;
				CURRENT_PROJECT_VERSION = 1;
				DEVELOPMENT_ASSET_PATHS = "\"Remindy/Preview Content\"";
				DEVELOPMENT_TEAM = 7F47MKWBPJ;
				ENABLE_HARDENED_RUNTIME = YES;
				ENABLE_PREVIEWS = YES;
				GENERATE_INFOPLIST_FILE = YES;
				INFOPLIST_KEY_NSHumanReadableCopyright = "";
				LD_RUNPATH_SEARCH_PATHS = (
					"$(inherited)",
					"@executable_path/../Frameworks",
				);
				MARKETING_VERSION = 1.0;
				PRODUCT_BUNDLE_IDENTIFIER = federicoimberti.Remindy;
				PRODUCT_NAME = "$(TARGET_NAME)";
				SWIFT_EMIT_LOC_STRINGS = YES;
				SWIFT_VERSION = 5.0;
			};
			name = Debug;
		};
		A190E3622854CE0C0044AAF3 /* Release */ = {
			isa = XCBuildConfiguration;
			buildSettings = {
				ASSETCATALOG_COMPILER_APPICON_NAME = AppIcon;
				ASSETCATALOG_COMPILER_GLOBAL_ACCENT_COLOR_NAME = AccentColor;
				CODE_SIGN_ENTITLEMENTS = Remindy/Remindy.entitlements;
				CODE_SIGN_STYLE = Automatic;
				COMBINE_HIDPI_IMAGES = YES;
				CURRENT_PROJECT_VERSION = 1;
				DEVELOPMENT_ASSET_PATHS = "\"Remindy/Preview Content\"";
				DEVELOPMENT_TEAM = 7F47MKWBPJ;
				ENABLE_HARDENED_RUNTIME = YES;
				ENABLE_PREVIEWS = YES;
				GENERATE_INFOPLIST_FILE = YES;
				INFOPLIST_KEY_NSHumanReadableCopyright = "";
				LD_RUNPATH_SEARCH_PATHS = (
					"$(inherited)",
					"@executable_path/../Frameworks",
				);
				MARKETING_VERSION = 1.0;
				PRODUCT_BUNDLE_IDENTIFIER = federicoimberti.Remindy;
				PRODUCT_NAME = "$(TARGET_NAME)";
				SWIFT_EMIT_LOC_STRINGS = YES;
				SWIFT_VERSION = 5.0;
			};
			name = Release;
		};
		A190E3642854CE0C0044AAF3 /* Debug */ = {
			isa = XCBuildConfiguration;
			buildSettings = {
				ALWAYS_EMBED_SWIFT_STANDARD_LIBRARIES = YES;
				BUNDLE_LOADER = "$(TEST_HOST)";
				CODE_SIGN_STYLE = Automatic;
				CURRENT_PROJECT_VERSION = 1;
				DEVELOPMENT_TEAM = 7F47MKWBPJ;
				GENERATE_INFOPLIST_FILE = YES;
				MACOSX_DEPLOYMENT_TARGET = 12.3;
				MARKETING_VERSION = 1.0;
				PRODUCT_BUNDLE_IDENTIFIER = federicoimberti.RemindyTests;
				PRODUCT_NAME = "$(TARGET_NAME)";
				SWIFT_EMIT_LOC_STRINGS = NO;
				SWIFT_VERSION = 5.0;
				TEST_HOST = "$(BUILT_PRODUCTS_DIR)/Remindy.app/Contents/MacOS/Remindy";
			};
			name = Debug;
		};
		A190E3652854CE0C0044AAF3 /* Release */ = {
			isa = XCBuildConfiguration;
			buildSettings = {
				ALWAYS_EMBED_SWIFT_STANDARD_LIBRARIES = YES;
				BUNDLE_LOADER = "$(TEST_HOST)";
				CODE_SIGN_STYLE = Automatic;
				CURRENT_PROJECT_VERSION = 1;
				DEVELOPMENT_TEAM = 7F47MKWBPJ;
				GENERATE_INFOPLIST_FILE = YES;
				MACOSX_DEPLOYMENT_TARGET = 12.3;
				MARKETING_VERSION = 1.0;
				PRODUCT_BUNDLE_IDENTIFIER = federicoimberti.RemindyTests;
				PRODUCT_NAME = "$(TARGET_NAME)";
				SWIFT_EMIT_LOC_STRINGS = NO;
				SWIFT_VERSION = 5.0;
				TEST_HOST = "$(BUILT_PRODUCTS_DIR)/Remindy.app/Contents/MacOS/Remindy";
			};
			name = Release;
		};
		A190E3672854CE0C0044AAF3 /* Debug */ = {
			isa = XCBuildConfiguration;
			buildSettings = {
				ALWAYS_EMBED_SWIFT_STANDARD_LIBRARIES = YES;
				CODE_SIGN_STYLE = Automatic;
				CURRENT_PROJECT_VERSION = 1;
				DEVELOPMENT_TEAM = 7F47MKWBPJ;
				GENERATE_INFOPLIST_FILE = YES;
				MARKETING_VERSION = 1.0;
				PRODUCT_BUNDLE_IDENTIFIER = federicoimberti.RemindyUITests;
				PRODUCT_NAME = "$(TARGET_NAME)";
				SWIFT_EMIT_LOC_STRINGS = NO;
				SWIFT_VERSION = 5.0;
				TEST_TARGET_NAME = Remindy;
			};
			name = Debug;
		};
		A190E3682854CE0C0044AAF3 /* Release */ = {
			isa = XCBuildConfiguration;
			buildSettings = {
				ALWAYS_EMBED_SWIFT_STANDARD_LIBRARIES = YES;
				CODE_SIGN_STYLE = Automatic;
				CURRENT_PROJECT_VERSION = 1;
				DEVELOPMENT_TEAM = 7F47MKWBPJ;
				GENERATE_INFOPLIST_FILE = YES;
				MARKETING_VERSION = 1.0;
				PRODUCT_BUNDLE_IDENTIFIER = federicoimberti.RemindyUITests;
				PRODUCT_NAME = "$(TARGET_NAME)";
				SWIFT_EMIT_LOC_STRINGS = NO;
				SWIFT_VERSION = 5.0;
				TEST_TARGET_NAME = Remindy;
			};
			name = Release;
		};
/* End XCBuildConfiguration section */

/* Begin XCConfigurationList section */
		A190E3362854CE0A0044AAF3 /* Build configuration list for PBXProject "Remindy" */ = {
			isa = XCConfigurationList;
			buildConfigurations = (
				A190E35E2854CE0C0044AAF3 /* Debug */,
				A190E35F2854CE0C0044AAF3 /* Release */,
			);
			defaultConfigurationIsVisible = 0;
			defaultConfigurationName = Release;
		};
		A190E3602854CE0C0044AAF3 /* Build configuration list for PBXNativeTarget "Remindy" */ = {
			isa = XCConfigurationList;
			buildConfigurations = (
				A190E3612854CE0C0044AAF3 /* Debug */,
				A190E3622854CE0C0044AAF3 /* Release */,
			);
			defaultConfigurationIsVisible = 0;
			defaultConfigurationName = Release;
		};
		A190E3632854CE0C0044AAF3 /* Build configuration list for PBXNativeTarget "RemindyTests" */ = {
			isa = XCConfigurationList;
			buildConfigurations = (
				A190E3642854CE0C0044AAF3 /* Debug */,
				A190E3652854CE0C0044AAF3 /* Release */,
			);
			defaultConfigurationIsVisible = 0;
			defaultConfigurationName = Release;
		};
		A190E3662854CE0C0044AAF3 /* Build configuration list for PBXNativeTarget "RemindyUITests" */ = {
			isa = XCConfigurationList;
			buildConfigurations = (
				A190E3672854CE0C0044AAF3 /* Debug */,
				A190E3682854CE0C0044AAF3 /* Release */,
			);
			defaultConfigurationIsVisible = 0;
			defaultConfigurationName = Release;
		};
/* End XCConfigurationList section */
	};
	rootObject = A190E3332854CE0A0044AAF3 /* Project object */;
}
